
Microsoft Visual Studio Solution File, Format Version 12.00
# Visual Studio 15
VisualStudioVersion = 15.0.28010.2046
MinimumVisualStudioVersion = 10.0.40219.1
Project("{FAE04EC0-301F-11D3-BF4B-00C04F79EFBC}") = "kw9", "kw9\kw9.csproj", "{EFAA2F3A-E603-4E3C-8F2F-92E544A71B36}"
EndProject
Global
	GlobalSection(SolutionConfigurationPlatforms) = preSolution
		Debug|Any CPU = Debug|Any CPU
		Release|Any CPU = Release|Any CPU
	EndGlobalSection
	GlobalSection(ProjectConfigurationPlatforms) = postSolution
		{EFAA2F3A-E603-4E3C-8F2F-92E544A71B36}.Debug|Any CPU.ActiveCfg = Debug|Any CPU
		{EFAA2F3A-E603-4E3C-8F2F-92E544A71B36}.Debug|Any CPU.Build.0 = Debug|Any CPU
		{EFAA2F3A-E603-4E3C-8F2F-92E544A71B36}.Release|Any CPU.ActiveCfg = Release|Any CPU
		{EFAA2F3A-E603-4E3C-8F2F-92E544A71B36}.Release|Any CPU.Build.0 = Release|Any CPU
	EndGlobalSection
	GlobalSection(SolutionProperties) = preSolution
		HideSolutionNode = FALSE
	EndGlobalSection
	GlobalSection(ExtensibilityGlobals) = postSolution
		SolutionGuid = {CD39C97D-A98A-49C0-AB38-5D573AFE8399}
	EndGlobalSection
EndGlobal
